// !$*UTF8*$!
{
	archiveVersion = 1;
	classes = {
	};
	objectVersion = 46;
	objects = {

/* Begin PBXBuildFile section */
		ABBF705E1E167EEF0029C52E /* AppDelegate.swift in Sources */ = {isa = PBXBuildFile; fileRef = ABBF705D1E167EEF0029C52E /* AppDelegate.swift */; };
		ABBF70601E167EEF0029C52E /* Assets.xcassets in Resources */ = {isa = PBXBuildFile; fileRef = ABBF705F1E167EEF0029C52E /* Assets.xcassets */; };
		ABBF70631E167EEF0029C52E /* MainMenu.xib in Resources */ = {isa = PBXBuildFile; fileRef = ABBF70611E167EEF0029C52E /* MainMenu.xib */; };
		ABBF706B1E167F530029C52E /* FilesSelector.swift in Sources */ = {isa = PBXBuildFile; fileRef = ABBF706A1E167F530029C52E /* FilesSelector.swift */; };
/* End PBXBuildFile section */

/* Begin PBXFileReference section */
		ABBF705A1E167EEF0029C52E /* FilesToIpfs.app */ = {isa = PBXFileReference; explicitFileType = wrapper.application; includeInIndex = 0; path = FilesToIpfs.app; sourceTree = BUILT_PRODUCTS_DIR; };
		ABBF705D1E167EEF0029C52E /* AppDelegate.swift */ = {isa = PBXFileReference; lastKnownFileType = sourcecode.swift; path = AppDelegate.swift; sourceTree = "<group>"; };
		ABBF705F1E167EEF0029C52E /* Assets.xcassets */ = {isa = PBXFileReference; lastKnownFileType = folder.assetcatalog; path = Assets.xcassets; sourceTree = "<group>"; };
		ABBF70621E167EEF0029C52E /* Base */ = {isa = PBXFileReference; lastKnownFileType = file.xib; name = Base; path = Base.lproj/MainMenu.xib; sourceTree = "<group>"; };
		ABBF70641E167EEF0029C52E /* Info.plist */ = {isa = PBXFileReference; lastKnownFileType = text.plist.xml; path = Info.plist; sourceTree = "<group>"; };
		ABBF706A1E167F530029C52E /* FilesSelector.swift */ = {isa = PBXFileReference; fileEncoding = 4; lastKnownFileType = sourcecode.swift; path = FilesSelector.swift; sourceTree = "<group>"; };
/* End PBXFileReference section */

/* Begin PBXFrameworksBuildPhase section */
		ABBF70571E167EEF0029C52E /* Frameworks */ = {
			isa = PBXFrameworksBuildPhase;
			buildActionMask = 2147483647;
			files = (
			);
			runOnlyForDeploymentPostprocessing = 0;
		};
/* End PBXFrameworksBuildPhase section */

/* Begin PBXGroup section */
		ABBF70511E167EEF0029C52E = {
			isa = PBXGroup;
			children = (
				ABBF705C1E167EEF0029C52E /* FilesToIpfs */,
				ABBF705B1E167EEF0029C52E /* Products */,
			);
			sourceTree = "<group>";
		};
		ABBF705B1E167EEF0029C52E /* Products */ = {
			isa = PBXGroup;
			children = (
				ABBF705A1E167EEF0029C52E /* FilesToIpfs.app */,
			);
			name = Products;
			sourceTree = "<group>";
		};
		ABBF705C1E167EEF0029C52E /* FilesToIpfs */ = {
			isa = PBXGroup;
			children = (
				ABBF705D1E167EEF0029C52E /* AppDelegate.swift */,
				ABBF705F1E167EEF0029C52E /* Assets.xcassets */,
				ABBF70611E167EEF0029C52E /* MainMenu.xib */,
				ABBF70641E167EEF0029C52E /* Info.plist */,
				ABBF706A1E167F530029C52E /* FilesSelector.swift */,
			);
			path = FilesToIpfs;
			sourceTree = "<group>";
		};
/* End PBXGroup section */

/* Begin PBXNativeTarget section */
		ABBF70591E167EEF0029C52E /* FilesToIpfs */ = {
			isa = PBXNativeTarget;
			buildConfigurationList = ABBF70671E167EEF0029C52E /* Build configuration list for PBXNativeTarget "FilesToIpfs" */;
			buildPhases = (
				ABBF70561E167EEF0029C52E /* Sources */,
				ABBF70571E167EEF0029C52E /* Frameworks */,
				ABBF70581E167EEF0029C52E /* Resources */,
			);
			buildRules = (
			);
			dependencies = (
			);
			name = FilesToIpfs;
			productName = FilesToIpfs;
			productReference = ABBF705A1E167EEF0029C52E /* FilesToIpfs.app */;
			productType = "com.apple.product-type.application";
		};
/* End PBXNativeTarget section */

/* Begin PBXProject section */
		ABBF70521E167EEF0029C52E /* Project object */ = {
			isa = PBXProject;
			attributes = {
				LastSwiftUpdateCheck = 0820;
				LastUpgradeCheck = 0820;
				ORGANIZATIONNAME = "Matteo Sartori";
				TargetAttributes = {
					ABBF70591E167EEF0029C52E = {
						CreatedOnToolsVersion = 8.2.1;
						DevelopmentTeam = SK8WX2BAWU;
						ProvisioningStyle = Automatic;
					};
				};
			};
			buildConfigurationList = ABBF70551E167EEF0029C52E /* Build configuration list for PBXProject "FilesToIpfs" */;
			compatibilityVersion = "Xcode 3.2";
			developmentRegion = English;
			hasScannedForEncodings = 0;
			knownRegions = (
				en,
				Base,
			);
			mainGroup = ABBF70511E167EEF0029C52E;
			productRefGroup = ABBF705B1E167EEF0029C52E /* Products */;
			projectDirPath = "";
			projectRoot = "";
			targets = (
				ABBF70591E167EEF0029C52E /* FilesToIpfs */,
			);
		};
/* End PBXProject section */

/* Begin PBXResourcesBuildPhase section */
		ABBF70581E167EEF0029C52E /* Resources */ = {
			isa = PBXResourcesBuildPhase;
			buildActionMask = 2147483647;
			files = (
				ABBF70601E167EEF0029C52E /* Assets.xcassets in Resources */,
				ABBF70631E167EEF0029C52E /* MainMenu.xib in Resources */,
			);
			runOnlyForDeploymentPostprocessing = 0;
		};
/* End PBXResourcesBuildPhase section */

/* Begin PBXSourcesBuildPhase section */
		ABBF70561E167EEF0029C52E /* Sources */ = {
			isa = PBXSourcesBuildPhase;
			buildActionMask = 2147483647;
			files = (
				ABBF706B1E167F530029C52E /* FilesSelector.swift in Sources */,
				ABBF705E1E167EEF0029C52E /* AppDelegate.swift in Sources */,
			);
			runOnlyForDeploymentPostprocessing = 0;
		};
/* End PBXSourcesBuildPhase section */

/* Begin PBXVariantGroup section */
		ABBF70611E167EEF0029C52E /* MainMenu.xib */ = {
			isa = PBXVariantGroup;
			children = (
				ABBF70621E167EEF0029C52E /* Base */,
			);
			name = MainMenu.xib;
			sourceTree = "<group>";
		};
/* End PBXVariantGroup section */

/* Begin XCBuildConfiguration section */
		ABBF70651E167EEF0029C52E /* Debug */ = {
			isa = XCBuildConfiguration;
			buildSettings = {
				ALWAYS_SEARCH_USER_PATHS = NO;
				CLANG_ANALYZER_NONNULL = YES;
				CLANG_CXX_LANGUAGE_STANDARD = "gnu++0x";
				CLANG_CXX_LIBRARY = "libc++";
				CLANG_ENABLE_MODULES = YES;
				CLANG_ENABLE_OBJC_ARC = YES;
				CLANG_WARN_BOOL_CONVERSION = YES;
				CLANG_WARN_CONSTANT_CONVERSION = YES;
				CLANG_WARN_DIRECT_OBJC_ISA_USAGE = YES_ERROR;
				CLANG_WARN_DOCUMENTATION_COMMENTS = YES;
				CLANG_WARN_EMPTY_BODY = YES;
				CLANG_WARN_ENUM_CONVERSION = YES;
				CLANG_WARN_INFINITE_RECURSION = YES;
				CLANG_WARN_INT_CONVERSION = YES;
				CLANG_WARN_OBJC_ROOT_CLASS = YES_ERROR;
				CLANG_WARN_SUSPICIOUS_MOVE = YES;
				CLANG_WARN_UNREACHABLE_CODE = YES;
				CLANG_WARN__DUPLICATE_METHOD_MATCH = YES;
				CODE_SIGN_IDENTITY = "-";
				COPY_PHASE_STRIP = NO;
				DEBUG_INFORMATION_FORMAT = dwarf;
				ENABLE_STRICT_OBJC_MSGSEND = YES;
				ENABLE_TESTABILITY = YES;
				GCC_C_LANGUAGE_STANDARD = gnu99;
				GCC_DYNAMIC_NO_PIC = NO;
				GCC_NO_COMMON_BLOCKS = YES;
				GCC_OPTIMIZATION_LEVEL = 0;
				GCC_PREPROCESSOR_DEFINITIONS = (
					"DEBUG=1",
					"$(inherited)",
				);
				GCC_WARN_64_TO_32_BIT_CONVERSION = YES;
				GCC_WARN_ABOUT_RETURN_TYPE = YES_ERROR;
				GCC_WARN_UNDECLARED_SELECTOR = YES;
				GCC_WARN_UNINITIALIZED_AUTOS = YES_AGGRESSIVE;
				GCC_WARN_UNUSED_FUNCTION = YES;
				GCC_WARN_UNUSED_VARIABLE = YES;
				MACOSX_DEPLOYMENT_TARGET = 10.12;
				MTL_ENABLE_DEBUG_INFO = YES;
				ONLY_ACTIVE_ARCH = YES;
				SDKROOT = macosx;
				SWIFT_ACTIVE_COMPILATION_CONDITIONS = DEBUG;
				SWIFT_OPTIMIZATION_LEVEL = "-Onone";
			};
			name = Debug;
		};
		ABBF70661E167EEF0029C52E /* Release */ = {
			isa = XCBuildConfiguration;
			buildSettings = {
				ALWAYS_SEARCH_USER_PATHS = NO;
				CLANG_ANALYZER_NONNULL = YES;
				CLANG_CXX_LANGUAGE_STANDARD = "gnu++0x";
				CLANG_CXX_LIBRARY = "libc++";
				CLANG_ENABLE_MODULES = YES;
				CLANG_ENABLE_OBJC_ARC = YES;
				CLANG_WARN_BOOL_CONVERSION = YES;
				CLANG_WARN_CONSTANT_CONVERSION = YES;
				CLANG_WARN_DIRECT_OBJC_ISA_USAGE = YES_ERROR;
				CLANG_WARN_DOCUMENTATION_COMMENTS = YES;
				CLANG_WARN_EMPTY_BODY = YES;
				CLANG_WARN_ENUM_CONVERSION = YES;
				CLANG_WARN_INFINITE_RECURSION = YES;
				CLANG_WARN_INT_CONVERSION = YES;
				CLANG_WARN_OBJC_ROOT_CLASS = YES_ERROR;
				CLANG_WARN_SUSPICIOUS_MOVE = YES;
				CLANG_WARN_UNREACHABLE_CODE = YES;
				CLANG_WARN__DUPLICATE_METHOD_MATCH = YES;
				CODE_SIGN_IDENTITY = "-";
				COPY_PHASE_STRIP = NO;
				DEBUG_INFORMATION_FORMAT = "dwarf-with-dsym";
				ENABLE_NS_ASSERTIONS = NO;
				ENABLE_STRICT_OBJC_MSGSEND = YES;
				GCC_C_LANGUAGE_STANDARD = gnu99;
				GCC_NO_COMMON_BLOCKS = YES;
				GCC_WARN_64_TO_32_BIT_CONVERSION = YES;
				GCC_WARN_ABOUT_RETURN_TYPE = YES_ERROR;
				GCC_WARN_UNDECLARED_SELECTOR = YES;
				GCC_WARN_UNINITIALIZED_AUTOS = YES_AGGRESSIVE;
				GCC_WARN_UNUSED_FUNCTION = YES;
				GCC_WARN_UNUSED_VARIABLE = YES;
				MACOSX_DEPLOYMENT_TARGET = 10.12;
				MTL_ENABLE_DEBUG_INFO = NO;
				SDKROOT = macosx;
				SWIFT_OPTIMIZATION_LEVEL = "-Owholemodule";
			};
			name = Release;
		};
		ABBF70681E167EEF0029C52E /* Debug */ = {
			isa = XCBuildConfiguration;
			buildSettings = {
				ASSETCATALOG_COMPILER_APPICON_NAME = AppIcon;
				COMBINE_HIDPI_IMAGES = YES;
				DEVELOPMENT_TEAM = SK8WX2BAWU;
				INFOPLIST_FILE = FilesToIpfs/Info.plist;
				LD_RUNPATH_SEARCH_PATHS = "$(inherited) @executable_path/../Frameworks";
				PRODUCT_BUNDLE_IDENTIFIER = com.iloveyoubits.FilesToIpfs;
				PRODUCT_NAME = "$(TARGET_NAME)";
				SWIFT_VERSION = 3.0;
			};
			name = Debug;
		};
		ABBF70691E167EEF0029C52E /* Release */ = {
			isa = XCBuildConfiguration;
			buildSettings = {
				ASSETCATALOG_COMPILER_APPICON_NAME = AppIcon;
				COMBINE_HIDPI_IMAGES = YES;
				DEVELOPMENT_TEAM = SK8WX2BAWU;
				INFOPLIST_FILE = FilesToIpfs/Info.plist;
				LD_RUNPATH_SEARCH_PATHS = "$(inherited) @executable_path/../Frameworks";
				PRODUCT_BUNDLE_IDENTIFIER = com.iloveyoubits.FilesToIpfs;
				PRODUCT_NAME = "$(TARGET_NAME)";
				SWIFT_VERSION = 3.0;
			};
			name = Release;
		};
/* End XCBuildConfiguration section */

/* Begin XCConfigurationList section */
		ABBF70551E167EEF0029C52E /* Build configuration list for PBXProject "FilesToIpfs" */ = {
			isa = XCConfigurationList;
			buildConfigurations = (
				ABBF70651E167EEF0029C52E /* Debug */,
				ABBF70661E167EEF0029C52E /* Release */,
			);
			defaultConfigurationIsVisible = 0;
			defaultConfigurationName = Release;
		};
		ABBF70671E167EEF0029C52E /* Build configuration list for PBXNativeTarget "FilesToIpfs" */ = {
			isa = XCConfigurationList;
			buildConfigurations = (
				ABBF70681E167EEF0029C52E /* Debug */,
				ABBF70691E167EEF0029C52E /* Release */,
			);
			defaultConfigurationIsVisible = 0;
			defaultConfigurationName = Release;
		};
/* End XCConfigurationList section */
	};
	rootObject = ABBF70521E167EEF0029C52E /* Project object */;
}
